// !$*UTF8*$!
{
	archiveVersion = 1;
	classes = {
	};
	objectVersion = 48;
	objects = {

/* Begin PBXBuildFile section */
		2E47749DD70F44F1C592B928 /* Pods_ChikaChatCreatorTests.framework in Frameworks */ = {isa = PBXBuildFile; fileRef = 88F9EC9EEBAD400B539BC269 /* Pods_ChikaChatCreatorTests.framework */; };
		48517BD22036C024003E46DF /* GoogleService-Info.plist in Resources */ = {isa = PBXBuildFile; fileRef = 48517BD12036C024003E46DF /* GoogleService-Info.plist */; };
		48976F482038148E003CB6CD /* Data.swift in Sources */ = {isa = PBXBuildFile; fileRef = 48976F472038148E003CB6CD /* Data.swift */; };
		489EA4D82032751D001D6D35 /* AppDelegate.swift in Sources */ = {isa = PBXBuildFile; fileRef = 489EA4D72032751D001D6D35 /* AppDelegate.swift */; };
		489EA4DA2032751D001D6D35 /* ViewController.swift in Sources */ = {isa = PBXBuildFile; fileRef = 489EA4D92032751D001D6D35 /* ViewController.swift */; };
		489EA4DD2032751D001D6D35 /* Main.storyboard in Resources */ = {isa = PBXBuildFile; fileRef = 489EA4DB2032751D001D6D35 /* Main.storyboard */; };
		489EA4DF2032751D001D6D35 /* Assets.xcassets in Resources */ = {isa = PBXBuildFile; fileRef = 489EA4DE2032751D001D6D35 /* Assets.xcassets */; };
		489EA4E22032751D001D6D35 /* LaunchScreen.storyboard in Resources */ = {isa = PBXBuildFile; fileRef = 489EA4E02032751D001D6D35 /* LaunchScreen.storyboard */; };
		489EA4ED2032751D001D6D35 /* ChikaChatCreatorTests.swift in Sources */ = {isa = PBXBuildFile; fileRef = 489EA4EC2032751D001D6D35 /* ChikaChatCreatorTests.swift */; };
		489EA4F920327656001D6D35 /* ChatCreator.storyboard in Resources */ = {isa = PBXBuildFile; fileRef = 489EA4F820327656001D6D35 /* ChatCreator.storyboard */; };
		489EA4FB20327673001D6D35 /* Scene.swift in Sources */ = {isa = PBXBuildFile; fileRef = 489EA4FA20327673001D6D35 /* Scene.swift */; };
		489EA4FD2032769F001D6D35 /* Factory.swift in Sources */ = {isa = PBXBuildFile; fileRef = 489EA4FC2032769F001D6D35 /* Factory.swift */; };
		48C111DC20386DAA00C44EEE /* Header.swift in Sources */ = {isa = PBXBuildFile; fileRef = 48C111DB20386DAA00C44EEE /* Header.swift */; };
		48C111E02038848600C44EEE /* Header.xib in Resources */ = {isa = PBXBuildFile; fileRef = 48C111DF2038848600C44EEE /* Header.xib */; };
		6D9F27A3CB2C9DAEA1D8F371 /* Pods_ChikaChatCreator.framework in Frameworks */ = {isa = PBXBuildFile; fileRef = 8B33F670AF402B6CD9D1557A /* Pods_ChikaChatCreator.framework */; };
/* End PBXBuildFile section */

/* Begin PBXContainerItemProxy section */
		489EA4E92032751D001D6D35 /* PBXContainerItemProxy */ = {
			isa = PBXContainerItemProxy;
			containerPortal = 489EA4CC2032751D001D6D35 /* Project object */;
			proxyType = 1;
			remoteGlobalIDString = 489EA4D32032751D001D6D35;
			remoteInfo = ChikaChatCreator;
		};
/* End PBXContainerItemProxy section */

/* Begin PBXFileReference section */
		41B166786670CB3657660315 /* Pods-ChikaChatCreatorTests.release.xcconfig */ = {isa = PBXFileReference; includeInIndex = 1; lastKnownFileType = text.xcconfig; name = "Pods-ChikaChatCreatorTests.release.xcconfig"; path = "Pods/Target Support Files/Pods-ChikaChatCreatorTests/Pods-ChikaChatCreatorTests.release.xcconfig"; sourceTree = "<group>"; };
		48517BD12036C024003E46DF /* GoogleService-Info.plist */ = {isa = PBXFileReference; fileEncoding = 4; lastKnownFileType = text.plist.xml; name = "GoogleService-Info.plist"; path = "../../ChikaFirebaseDemo/GoogleService-Info.plist"; sourceTree = "<group>"; };
		48976F472038148E003CB6CD /* Data.swift */ = {isa = PBXFileReference; lastKnownFileType = sourcecode.swift; path = Data.swift; sourceTree = "<group>"; };
		489EA4D42032751D001D6D35 /* ChikaChatCreator.app */ = {isa = PBXFileReference; explicitFileType = wrapper.application; includeInIndex = 0; path = ChikaChatCreator.app; sourceTree = BUILT_PRODUCTS_DIR; };
		489EA4D72032751D001D6D35 /* AppDelegate.swift */ = {isa = PBXFileReference; lastKnownFileType = sourcecode.swift; path = AppDelegate.swift; sourceTree = "<group>"; };
		489EA4D92032751D001D6D35 /* ViewController.swift */ = {isa = PBXFileReference; lastKnownFileType = sourcecode.swift; path = ViewController.swift; sourceTree = "<group>"; };
		489EA4DC2032751D001D6D35 /* Base */ = {isa = PBXFileReference; lastKnownFileType = file.storyboard; name = Base; path = Base.lproj/Main.storyboard; sourceTree = "<group>"; };
		489EA4DE2032751D001D6D35 /* Assets.xcassets */ = {isa = PBXFileReference; lastKnownFileType = folder.assetcatalog; path = Assets.xcassets; sourceTree = "<group>"; };
		489EA4E12032751D001D6D35 /* Base */ = {isa = PBXFileReference; lastKnownFileType = file.storyboard; name = Base; path = Base.lproj/LaunchScreen.storyboard; sourceTree = "<group>"; };
		489EA4E32032751D001D6D35 /* Info.plist */ = {isa = PBXFileReference; lastKnownFileType = text.plist.xml; path = Info.plist; sourceTree = "<group>"; };
		489EA4E82032751D001D6D35 /* ChikaChatCreatorTests.xctest */ = {isa = PBXFileReference; explicitFileType = wrapper.cfbundle; includeInIndex = 0; path = ChikaChatCreatorTests.xctest; sourceTree = BUILT_PRODUCTS_DIR; };
		489EA4EC2032751D001D6D35 /* ChikaChatCreatorTests.swift */ = {isa = PBXFileReference; lastKnownFileType = sourcecode.swift; path = ChikaChatCreatorTests.swift; sourceTree = "<group>"; };
		489EA4EE2032751D001D6D35 /* Info.plist */ = {isa = PBXFileReference; lastKnownFileType = text.plist.xml; path = Info.plist; sourceTree = "<group>"; };
		489EA4F820327656001D6D35 /* ChatCreator.storyboard */ = {isa = PBXFileReference; lastKnownFileType = file.storyboard; path = ChatCreator.storyboard; sourceTree = "<group>"; };
		489EA4FA20327673001D6D35 /* Scene.swift */ = {isa = PBXFileReference; lastKnownFileType = sourcecode.swift; path = Scene.swift; sourceTree = "<group>"; };
		489EA4FC2032769F001D6D35 /* Factory.swift */ = {isa = PBXFileReference; lastKnownFileType = sourcecode.swift; path = Factory.swift; sourceTree = "<group>"; };
		48C111DB20386DAA00C44EEE /* Header.swift */ = {isa = PBXFileReference; lastKnownFileType = sourcecode.swift; path = Header.swift; sourceTree = "<group>"; };
		48C111DF2038848600C44EEE /* Header.xib */ = {isa = PBXFileReference; lastKnownFileType = file.xib; path = Header.xib; sourceTree = "<group>"; };
		60AAF7000E849618F6C9C4E9 /* Pods-ChikaChatCreatorTests.debug.xcconfig */ = {isa = PBXFileReference; includeInIndex = 1; lastKnownFileType = text.xcconfig; name = "Pods-ChikaChatCreatorTests.debug.xcconfig"; path = "Pods/Target Support Files/Pods-ChikaChatCreatorTests/Pods-ChikaChatCreatorTests.debug.xcconfig"; sourceTree = "<group>"; };
		88F9EC9EEBAD400B539BC269 /* Pods_ChikaChatCreatorTests.framework */ = {isa = PBXFileReference; explicitFileType = wrapper.framework; includeInIndex = 0; path = Pods_ChikaChatCreatorTests.framework; sourceTree = BUILT_PRODUCTS_DIR; };
		8B33F670AF402B6CD9D1557A /* Pods_ChikaChatCreator.framework */ = {isa = PBXFileReference; explicitFileType = wrapper.framework; includeInIndex = 0; path = Pods_ChikaChatCreator.framework; sourceTree = BUILT_PRODUCTS_DIR; };
		9FDC579DA6CE6D587CC1246D /* Pods-ChikaChatCreator.release.xcconfig */ = {isa = PBXFileReference; includeInIndex = 1; lastKnownFileType = text.xcconfig; name = "Pods-ChikaChatCreator.release.xcconfig"; path = "Pods/Target Support Files/Pods-ChikaChatCreator/Pods-ChikaChatCreator.release.xcconfig"; sourceTree = "<group>"; };
		E336A782F463CB72DB0114B4 /* Pods-ChikaChatCreator.debug.xcconfig */ = {isa = PBXFileReference; includeInIndex = 1; lastKnownFileType = text.xcconfig; name = "Pods-ChikaChatCreator.debug.xcconfig"; path = "Pods/Target Support Files/Pods-ChikaChatCreator/Pods-ChikaChatCreator.debug.xcconfig"; sourceTree = "<group>"; };
/* End PBXFileReference section */

/* Begin PBXFrameworksBuildPhase section */
		489EA4D12032751D001D6D35 /* Frameworks */ = {
			isa = PBXFrameworksBuildPhase;
			buildActionMask = 2147483647;
			files = (
				6D9F27A3CB2C9DAEA1D8F371 /* Pods_ChikaChatCreator.framework in Frameworks */,
			);
			runOnlyForDeploymentPostprocessing = 0;
		};
		489EA4E52032751D001D6D35 /* Frameworks */ = {
			isa = PBXFrameworksBuildPhase;
			buildActionMask = 2147483647;
			files = (
				2E47749DD70F44F1C592B928 /* Pods_ChikaChatCreatorTests.framework in Frameworks */,
			);
			runOnlyForDeploymentPostprocessing = 0;
		};
/* End PBXFrameworksBuildPhase section */

/* Begin PBXGroup section */
		3EAC4372425FC9167F8592C8 /* Frameworks */ = {
			isa = PBXGroup;
			children = (
				8B33F670AF402B6CD9D1557A /* Pods_ChikaChatCreator.framework */,
				88F9EC9EEBAD400B539BC269 /* Pods_ChikaChatCreatorTests.framework */,
			);
			name = Frameworks;
			sourceTree = "<group>";
		};
		41435145340CC3945284EEF0 /* Pods */ = {
			isa = PBXGroup;
			children = (
				E336A782F463CB72DB0114B4 /* Pods-ChikaChatCreator.debug.xcconfig */,
				9FDC579DA6CE6D587CC1246D /* Pods-ChikaChatCreator.release.xcconfig */,
				60AAF7000E849618F6C9C4E9 /* Pods-ChikaChatCreatorTests.debug.xcconfig */,
				41B166786670CB3657660315 /* Pods-ChikaChatCreatorTests.release.xcconfig */,
			);
			name = Pods;
			sourceTree = "<group>";
		};
		489EA4CB2032751D001D6D35 = {
			isa = PBXGroup;
			children = (
				489EA4D62032751D001D6D35 /* ChikaChatCreator */,
				489EA4EB2032751D001D6D35 /* ChikaChatCreatorTests */,
				489EA4D52032751D001D6D35 /* Products */,
				41435145340CC3945284EEF0 /* Pods */,
				3EAC4372425FC9167F8592C8 /* Frameworks */,
			);
			sourceTree = "<group>";
		};
		489EA4D52032751D001D6D35 /* Products */ = {
			isa = PBXGroup;
			children = (
				489EA4D42032751D001D6D35 /* ChikaChatCreator.app */,
				489EA4E82032751D001D6D35 /* ChikaChatCreatorTests.xctest */,
			);
			name = Products;
			sourceTree = "<group>";
		};
		489EA4D62032751D001D6D35 /* ChikaChatCreator */ = {
			isa = PBXGroup;
			children = (
				48517BD12036C024003E46DF /* GoogleService-Info.plist */,
				489EA4E32032751D001D6D35 /* Info.plist */,
				489EA4D72032751D001D6D35 /* AppDelegate.swift */,
				489EA4D92032751D001D6D35 /* ViewController.swift */,
				489EA4DE2032751D001D6D35 /* Assets.xcassets */,
				489EA4E02032751D001D6D35 /* LaunchScreen.storyboard */,
				489EA4DB2032751D001D6D35 /* Main.storyboard */,
				489EA4F720327531001D6D35 /* Source */,
			);
			path = ChikaChatCreator;
			sourceTree = "<group>";
		};
		489EA4EB2032751D001D6D35 /* ChikaChatCreatorTests */ = {
			isa = PBXGroup;
			children = (
				489EA4EC2032751D001D6D35 /* ChikaChatCreatorTests.swift */,
				489EA4EE2032751D001D6D35 /* Info.plist */,
			);
			path = ChikaChatCreatorTests;
			sourceTree = "<group>";
		};
		489EA4F720327531001D6D35 /* Source */ = {
			isa = PBXGroup;
			children = (
				489EA4F820327656001D6D35 /* ChatCreator.storyboard */,
				48976F472038148E003CB6CD /* Data.swift */,
				489EA4FC2032769F001D6D35 /* Factory.swift */,
				48C111DB20386DAA00C44EEE /* Header.swift */,
				489EA4FA20327673001D6D35 /* Scene.swift */,
				48C111DF2038848600C44EEE /* Header.xib */,
			);
			path = Source;
			sourceTree = "<group>";
		};
/* End PBXGroup section */

/* Begin PBXNativeTarget section */
		489EA4D32032751D001D6D35 /* ChikaChatCreator */ = {
			isa = PBXNativeTarget;
			buildConfigurationList = 489EA4F12032751D001D6D35 /* Build configuration list for PBXNativeTarget "ChikaChatCreator" */;
			buildPhases = (
				33AD8D716C0BE2816D738A80 /* [CP] Check Pods Manifest.lock */,
				489EA4D02032751D001D6D35 /* Sources */,
				489EA4D12032751D001D6D35 /* Frameworks */,
				489EA4D22032751D001D6D35 /* Resources */,
				A39DA059747332753BF38FA9 /* [CP] Embed Pods Frameworks */,
				1F914D12CDB6FABA2BA74682 /* [CP] Copy Pods Resources */,
			);
			buildRules = (
			);
			dependencies = (
			);
			name = ChikaChatCreator;
			productName = ChikaChatCreator;
			productReference = 489EA4D42032751D001D6D35 /* ChikaChatCreator.app */;
			productType = "com.apple.product-type.application";
		};
		489EA4E72032751D001D6D35 /* ChikaChatCreatorTests */ = {
			isa = PBXNativeTarget;
			buildConfigurationList = 489EA4F42032751D001D6D35 /* Build configuration list for PBXNativeTarget "ChikaChatCreatorTests" */;
			buildPhases = (
				A0503CC7BA5EBBCCEDDAAE52 /* [CP] Check Pods Manifest.lock */,
				489EA4E42032751D001D6D35 /* Sources */,
				489EA4E52032751D001D6D35 /* Frameworks */,
				489EA4E62032751D001D6D35 /* Resources */,
				A4E389A58F9B07F34C4D713B /* [CP] Embed Pods Frameworks */,
				6187513C589A346A865D4B4D /* [CP] Copy Pods Resources */,
			);
			buildRules = (
			);
			dependencies = (
				489EA4EA2032751D001D6D35 /* PBXTargetDependency */,
			);
			name = ChikaChatCreatorTests;
			productName = ChikaChatCreatorTests;
			productReference = 489EA4E82032751D001D6D35 /* ChikaChatCreatorTests.xctest */;
			productType = "com.apple.product-type.bundle.unit-test";
		};
/* End PBXNativeTarget section */

/* Begin PBXProject section */
		489EA4CC2032751D001D6D35 /* Project object */ = {
			isa = PBXProject;
			attributes = {
				LastSwiftUpdateCheck = 0900;
				LastUpgradeCheck = 0900;
				ORGANIZATIONNAME = Nir;
				TargetAttributes = {
					489EA4D32032751D001D6D35 = {
						CreatedOnToolsVersion = 9.0.1;
						ProvisioningStyle = Automatic;
					};
					489EA4E72032751D001D6D35 = {
						CreatedOnToolsVersion = 9.0.1;
						ProvisioningStyle = Automatic;
						TestTargetID = 489EA4D32032751D001D6D35;
					};
				};
			};
			buildConfigurationList = 489EA4CF2032751D001D6D35 /* Build configuration list for PBXProject "ChikaChatCreator" */;
			compatibilityVersion = "Xcode 8.0";
			developmentRegion = en;
			hasScannedForEncodings = 0;
			knownRegions = (
				en,
				Base,
			);
			mainGroup = 489EA4CB2032751D001D6D35;
			productRefGroup = 489EA4D52032751D001D6D35 /* Products */;
			projectDirPath = "";
			projectRoot = "";
			targets = (
				489EA4D32032751D001D6D35 /* ChikaChatCreator */,
				489EA4E72032751D001D6D35 /* ChikaChatCreatorTests */,
			);
		};
/* End PBXProject section */

/* Begin PBXResourcesBuildPhase section */
		489EA4D22032751D001D6D35 /* Resources */ = {
			isa = PBXResourcesBuildPhase;
			buildActionMask = 2147483647;
			files = (
				489EA4E22032751D001D6D35 /* LaunchScreen.storyboard in Resources */,
				489EA4F920327656001D6D35 /* ChatCreator.storyboard in Resources */,
				48517BD22036C024003E46DF /* GoogleService-Info.plist in Resources */,
				489EA4DF2032751D001D6D35 /* Assets.xcassets in Resources */,
				48C111E02038848600C44EEE /* Header.xib in Resources */,
				489EA4DD2032751D001D6D35 /* Main.storyboard in Resources */,
			);
			runOnlyForDeploymentPostprocessing = 0;
		};
		489EA4E62032751D001D6D35 /* Resources */ = {
			isa = PBXResourcesBuildPhase;
			buildActionMask = 2147483647;
			files = (
			);
			runOnlyForDeploymentPostprocessing = 0;
		};
/* End PBXResourcesBuildPhase section */

/* Begin PBXShellScriptBuildPhase section */
		1F914D12CDB6FABA2BA74682 /* [CP] Copy Pods Resources */ = {
			isa = PBXShellScriptBuildPhase;
			buildActionMask = 2147483647;
			files = (
			);
			inputPaths = (
				"${SRCROOT}/Pods/Target Support Files/Pods-ChikaChatCreator/Pods-ChikaChatCreator-resources.sh",
				"${PODS_ROOT}/ChikaAssets/ChikaAssets/Source/ChikaAssets.xcassets",
			);
			name = "[CP] Copy Pods Resources";
			outputPaths = (
				"${TARGET_BUILD_DIR}/${UNLOCALIZED_RESOURCES_FOLDER_PATH}/ChikaAssets.xcassets",
			);
			runOnlyForDeploymentPostprocessing = 0;
			shellPath = /bin/sh;
			shellScript = "\"${SRCROOT}/Pods/Target Support Files/Pods-ChikaChatCreator/Pods-ChikaChatCreator-resources.sh\"\n";
			showEnvVarsInLog = 0;
		};
		33AD8D716C0BE2816D738A80 /* [CP] Check Pods Manifest.lock */ = {
			isa = PBXShellScriptBuildPhase;
			buildActionMask = 2147483647;
			files = (
			);
			inputPaths = (
				"${PODS_PODFILE_DIR_PATH}/Podfile.lock",
				"${PODS_ROOT}/Manifest.lock",
			);
			name = "[CP] Check Pods Manifest.lock";
			outputPaths = (
				"$(DERIVED_FILE_DIR)/Pods-ChikaChatCreator-checkManifestLockResult.txt",
			);
			runOnlyForDeploymentPostprocessing = 0;
			shellPath = /bin/sh;
			shellScript = "diff \"${PODS_PODFILE_DIR_PATH}/Podfile.lock\" \"${PODS_ROOT}/Manifest.lock\" > /dev/null\nif [ $? != 0 ] ; then\n    # print error to STDERR\n    echo \"error: The sandbox is not in sync with the Podfile.lock. Run 'pod install' or update your CocoaPods installation.\" >&2\n    exit 1\nfi\n# This output is used by Xcode 'outputs' to avoid re-running this script phase.\necho \"SUCCESS\" > \"${SCRIPT_OUTPUT_FILE_0}\"\n";
			showEnvVarsInLog = 0;
		};
		6187513C589A346A865D4B4D /* [CP] Copy Pods Resources */ = {
			isa = PBXShellScriptBuildPhase;
			buildActionMask = 2147483647;
			files = (
			);
			inputPaths = (
			);
			name = "[CP] Copy Pods Resources";
			outputPaths = (
			);
			runOnlyForDeploymentPostprocessing = 0;
			shellPath = /bin/sh;
			shellScript = "\"${SRCROOT}/Pods/Target Support Files/Pods-ChikaChatCreatorTests/Pods-ChikaChatCreatorTests-resources.sh\"\n";
			showEnvVarsInLog = 0;
		};
		A0503CC7BA5EBBCCEDDAAE52 /* [CP] Check Pods Manifest.lock */ = {
			isa = PBXShellScriptBuildPhase;
			buildActionMask = 2147483647;
			files = (
			);
			inputPaths = (
				"${PODS_PODFILE_DIR_PATH}/Podfile.lock",
				"${PODS_ROOT}/Manifest.lock",
			);
			name = "[CP] Check Pods Manifest.lock";
			outputPaths = (
				"$(DERIVED_FILE_DIR)/Pods-ChikaChatCreatorTests-checkManifestLockResult.txt",
			);
			runOnlyForDeploymentPostprocessing = 0;
			shellPath = /bin/sh;
			shellScript = "diff \"${PODS_PODFILE_DIR_PATH}/Podfile.lock\" \"${PODS_ROOT}/Manifest.lock\" > /dev/null\nif [ $? != 0 ] ; then\n    # print error to STDERR\n    echo \"error: The sandbox is not in sync with the Podfile.lock. Run 'pod install' or update your CocoaPods installation.\" >&2\n    exit 1\nfi\n# This output is used by Xcode 'outputs' to avoid re-running this script phase.\necho \"SUCCESS\" > \"${SCRIPT_OUTPUT_FILE_0}\"\n";
			showEnvVarsInLog = 0;
		};
		A39DA059747332753BF38FA9 /* [CP] Embed Pods Frameworks */ = {
			isa = PBXShellScriptBuildPhase;
			buildActionMask = 2147483647;
			files = (
			);
			inputPaths = (
				"${SRCROOT}/Pods/Target Support Files/Pods-ChikaChatCreator/Pods-ChikaChatCreator-frameworks.sh",
				"${BUILT_PRODUCTS_DIR}/ChikaContactList/ChikaContactList.framework",
				"${BUILT_PRODUCTS_DIR}/ChikaCore/ChikaCore.framework",
				"${BUILT_PRODUCTS_DIR}/ChikaFirebase/ChikaFirebase.framework",
				"${BUILT_PRODUCTS_DIR}/ChikaSignIn/ChikaSignIn.framework",
				"${BUILT_PRODUCTS_DIR}/ChikaUI/ChikaUI.framework",
				"${BUILT_PRODUCTS_DIR}/FirebaseCommunity/FirebaseCommunity.framework",
				"${BUILT_PRODUCTS_DIR}/GTMSessionFetcher/GTMSessionFetcher.framework",
				"${BUILT_PRODUCTS_DIR}/GoogleToolboxForMac/GoogleToolboxForMac.framework",
				"${BUILT_PRODUCTS_DIR}/Kingfisher/Kingfisher.framework",
				"${BUILT_PRODUCTS_DIR}/leveldb-library/leveldb.framework",
			);
			name = "[CP] Embed Pods Frameworks";
			outputPaths = (
				"${TARGET_BUILD_DIR}/${FRAMEWORKS_FOLDER_PATH}/ChikaContactList.framework",
				"${TARGET_BUILD_DIR}/${FRAMEWORKS_FOLDER_PATH}/ChikaCore.framework",
				"${TARGET_BUILD_DIR}/${FRAMEWORKS_FOLDER_PATH}/ChikaFirebase.framework",
				"${TARGET_BUILD_DIR}/${FRAMEWORKS_FOLDER_PATH}/ChikaSignIn.framework",
				"${TARGET_BUILD_DIR}/${FRAMEWORKS_FOLDER_PATH}/ChikaUI.framework",
				"${TARGET_BUILD_DIR}/${FRAMEWORKS_FOLDER_PATH}/FirebaseCommunity.framework",
				"${TARGET_BUILD_DIR}/${FRAMEWORKS_FOLDER_PATH}/GTMSessionFetcher.framework",
				"${TARGET_BUILD_DIR}/${FRAMEWORKS_FOLDER_PATH}/GoogleToolboxForMac.framework",
				"${TARGET_BUILD_DIR}/${FRAMEWORKS_FOLDER_PATH}/Kingfisher.framework",
				"${TARGET_BUILD_DIR}/${FRAMEWORKS_FOLDER_PATH}/leveldb.framework",
			);
			runOnlyForDeploymentPostprocessing = 0;
			shellPath = /bin/sh;
			shellScript = "\"${SRCROOT}/Pods/Target Support Files/Pods-ChikaChatCreator/Pods-ChikaChatCreator-frameworks.sh\"\n";
			showEnvVarsInLog = 0;
		};
		A4E389A58F9B07F34C4D713B /* [CP] Embed Pods Frameworks */ = {
			isa = PBXShellScriptBuildPhase;
			buildActionMask = 2147483647;
			files = (
			);
			inputPaths = (
			);
			name = "[CP] Embed Pods Frameworks";
			outputPaths = (
			);
			runOnlyForDeploymentPostprocessing = 0;
			shellPath = /bin/sh;
			shellScript = "\"${SRCROOT}/Pods/Target Support Files/Pods-ChikaChatCreatorTests/Pods-ChikaChatCreatorTests-frameworks.sh\"\n";
			showEnvVarsInLog = 0;
		};
/* End PBXShellScriptBuildPhase section */

/* Begin PBXSourcesBuildPhase section */
		489EA4D02032751D001D6D35 /* Sources */ = {
			isa = PBXSourcesBuildPhase;
			buildActionMask = 2147483647;
			files = (
				489EA4FD2032769F001D6D35 /* Factory.swift in Sources */,
				48976F482038148E003CB6CD /* Data.swift in Sources */,
				489EA4DA2032751D001D6D35 /* ViewController.swift in Sources */,
				489EA4D82032751D001D6D35 /* AppDelegate.swift in Sources */,
				48C111DC20386DAA00C44EEE /* Header.swift in Sources */,
				489EA4FB20327673001D6D35 /* Scene.swift in Sources */,
			);
			runOnlyForDeploymentPostprocessing = 0;
		};
		489EA4E42032751D001D6D35 /* Sources */ = {
			isa = PBXSourcesBuildPhase;
			buildActionMask = 2147483647;
			files = (
				489EA4ED2032751D001D6D35 /* ChikaChatCreatorTests.swift in Sources */,
			);
			runOnlyForDeploymentPostprocessing = 0;
		};
/* End PBXSourcesBuildPhase section */

/* Begin PBXTargetDependency section */
		489EA4EA2032751D001D6D35 /* PBXTargetDependency */ = {
			isa = PBXTargetDependency;
			target = 489EA4D32032751D001D6D35 /* ChikaChatCreator */;
			targetProxy = 489EA4E92032751D001D6D35 /* PBXContainerItemProxy */;
		};
/* End PBXTargetDependency section */

/* Begin PBXVariantGroup section */
		489EA4DB2032751D001D6D35 /* Main.storyboard */ = {
			isa = PBXVariantGroup;
			children = (
				489EA4DC2032751D001D6D35 /* Base */,
			);
			name = Main.storyboard;
			sourceTree = "<group>";
		};
		489EA4E02032751D001D6D35 /* LaunchScreen.storyboard */ = {
			isa = PBXVariantGroup;
			children = (
				489EA4E12032751D001D6D35 /* Base */,
			);
			name = LaunchScreen.storyboard;
			sourceTree = "<group>";
		};
/* End PBXVariantGroup section */

/* Begin XCBuildConfiguration section */
		489EA4EF2032751D001D6D35 /* Debug */ = {
			isa = XCBuildConfiguration;
			buildSettings = {
				ALWAYS_SEARCH_USER_PATHS = NO;
				CLANG_ANALYZER_NONNULL = YES;
				CLANG_ANALYZER_NUMBER_OBJECT_CONVERSION = YES_AGGRESSIVE;
				CLANG_CXX_LANGUAGE_STANDARD = "gnu++14";
				CLANG_CXX_LIBRARY = "libc++";
				CLANG_ENABLE_MODULES = YES;
				CLANG_ENABLE_OBJC_ARC = YES;
				CLANG_WARN_BLOCK_CAPTURE_AUTORELEASING = YES;
				CLANG_WARN_BOOL_CONVERSION = YES;
				CLANG_WARN_COMMA = YES;
				CLANG_WARN_CONSTANT_CONVERSION = YES;
				CLANG_WARN_DIRECT_OBJC_ISA_USAGE = YES_ERROR;
				CLANG_WARN_DOCUMENTATION_COMMENTS = YES;
				CLANG_WARN_EMPTY_BODY = YES;
				CLANG_WARN_ENUM_CONVERSION = YES;
				CLANG_WARN_INFINITE_RECURSION = YES;
				CLANG_WARN_INT_CONVERSION = YES;
				CLANG_WARN_NON_LITERAL_NULL_CONVERSION = YES;
				CLANG_WARN_OBJC_LITERAL_CONVERSION = YES;
				CLANG_WARN_OBJC_ROOT_CLASS = YES_ERROR;
				CLANG_WARN_RANGE_LOOP_ANALYSIS = YES;
				CLANG_WARN_STRICT_PROTOTYPES = YES;
				CLANG_WARN_SUSPICIOUS_MOVE = YES;
				CLANG_WARN_UNGUARDED_AVAILABILITY = YES_AGGRESSIVE;
				CLANG_WARN_UNREACHABLE_CODE = YES;
				CLANG_WARN__DUPLICATE_METHOD_MATCH = YES;
				CODE_SIGN_IDENTITY = "iPhone Developer";
				COPY_PHASE_STRIP = NO;
				DEBUG_INFORMATION_FORMAT = dwarf;
				ENABLE_STRICT_OBJC_MSGSEND = YES;
				ENABLE_TESTABILITY = YES;
				GCC_C_LANGUAGE_STANDARD = gnu11;
				GCC_DYNAMIC_NO_PIC = NO;
				GCC_NO_COMMON_BLOCKS = YES;
				GCC_OPTIMIZATION_LEVEL = 0;
				GCC_PREPROCESSOR_DEFINITIONS = (
					"DEBUG=1",
					"$(inherited)",
				);
				GCC_WARN_64_TO_32_BIT_CONVERSION = YES;
				GCC_WARN_ABOUT_RETURN_TYPE = YES_ERROR;
				GCC_WARN_UNDECLARED_SELECTOR = YES;
				GCC_WARN_UNINITIALIZED_AUTOS = YES_AGGRESSIVE;
				GCC_WARN_UNUSED_FUNCTION = YES;
				GCC_WARN_UNUSED_VARIABLE = YES;
				IPHONEOS_DEPLOYMENT_TARGET = 11.0;
				MTL_ENABLE_DEBUG_INFO = YES;
				ONLY_ACTIVE_ARCH = YES;
				SDKROOT = iphoneos;
				SWIFT_ACTIVE_COMPILATION_CONDITIONS = DEBUG;
				SWIFT_OPTIMIZATION_LEVEL = "-Onone";
			};
			name = Debug;
		};
		489EA4F02032751D001D6D35 /* Release */ = {
			isa = XCBuildConfiguration;
			buildSettings = {
				ALWAYS_SEARCH_USER_PATHS = NO;
				CLANG_ANALYZER_NONNULL = YES;
				CLANG_ANALYZER_NUMBER_OBJECT_CONVERSION = YES_AGGRESSIVE;
				CLANG_CXX_LANGUAGE_STANDARD = "gnu++14";
				CLANG_CXX_LIBRARY = "libc++";
				CLANG_ENABLE_MODULES = YES;
				CLANG_ENABLE_OBJC_ARC = YES;
				CLANG_WARN_BLOCK_CAPTURE_AUTORELEASING = YES;
				CLANG_WARN_BOOL_CONVERSION = YES;
				CLANG_WARN_COMMA = YES;
				CLANG_WARN_CONSTANT_CONVERSION = YES;
				CLANG_WARN_DIRECT_OBJC_ISA_USAGE = YES_ERROR;
				CLANG_WARN_DOCUMENTATION_COMMENTS = YES;
				CLANG_WARN_EMPTY_BODY = YES;
				CLANG_WARN_ENUM_CONVERSION = YES;
				CLANG_WARN_INFINITE_RECURSION = YES;
				CLANG_WARN_INT_CONVERSION = YES;
				CLANG_WARN_NON_LITERAL_NULL_CONVERSION = YES;
				CLANG_WARN_OBJC_LITERAL_CONVERSION = YES;
				CLANG_WARN_OBJC_ROOT_CLASS = YES_ERROR;
				CLANG_WARN_RANGE_LOOP_ANALYSIS = YES;
				CLANG_WARN_STRICT_PROTOTYPES = YES;
				CLANG_WARN_SUSPICIOUS_MOVE = YES;
				CLANG_WARN_UNGUARDED_AVAILABILITY = YES_AGGRESSIVE;
				CLANG_WARN_UNREACHABLE_CODE = YES;
				CLANG_WARN__DUPLICATE_METHOD_MATCH = YES;
				CODE_SIGN_IDENTITY = "iPhone Developer";
				COPY_PHASE_STRIP = NO;
				DEBUG_INFORMATION_FORMAT = "dwarf-with-dsym";
				ENABLE_NS_ASSERTIONS = NO;
				ENABLE_STRICT_OBJC_MSGSEND = YES;
				GCC_C_LANGUAGE_STANDARD = gnu11;
				GCC_NO_COMMON_BLOCKS = YES;
				GCC_WARN_64_TO_32_BIT_CONVERSION = YES;
				GCC_WARN_ABOUT_RETURN_TYPE = YES_ERROR;
				GCC_WARN_UNDECLARED_SELECTOR = YES;
				GCC_WARN_UNINITIALIZED_AUTOS = YES_AGGRESSIVE;
				GCC_WARN_UNUSED_FUNCTION = YES;
				GCC_WARN_UNUSED_VARIABLE = YES;
				IPHONEOS_DEPLOYMENT_TARGET = 11.0;
				MTL_ENABLE_DEBUG_INFO = NO;
				SDKROOT = iphoneos;
				SWIFT_OPTIMIZATION_LEVEL = "-Owholemodule";
				VALIDATE_PRODUCT = YES;
			};
			name = Release;
		};
		489EA4F22032751D001D6D35 /* Debug */ = {
			isa = XCBuildConfiguration;
			baseConfigurationReference = E336A782F463CB72DB0114B4 /* Pods-ChikaChatCreator.debug.xcconfig */;
			buildSettings = {
				ASSETCATALOG_COMPILER_APPICON_NAME = AppIcon;
				CODE_SIGN_STYLE = Automatic;
				DEVELOPMENT_TEAM = 4WBRGV5Z9M;
				INFOPLIST_FILE = ChikaChatCreator/Info.plist;
				LD_RUNPATH_SEARCH_PATHS = "$(inherited) @executable_path/Frameworks";
				PRODUCT_BUNDLE_IDENTIFIER = com.nir.ChikaChatCreator;
				PRODUCT_NAME = "$(TARGET_NAME)";
				SWIFT_VERSION = 4.0;
				TARGETED_DEVICE_FAMILY = "1,2";
			};
			name = Debug;
		};
		489EA4F32032751D001D6D35 /* Release */ = {
			isa = XCBuildConfiguration;
			baseConfigurationReference = 9FDC579DA6CE6D587CC1246D /* Pods-ChikaChatCreator.release.xcconfig */;
			buildSettings = {
				ASSETCATALOG_COMPILER_APPICON_NAME = AppIcon;
				CODE_SIGN_STYLE = Automatic;
				DEVELOPMENT_TEAM = 4WBRGV5Z9M;
				INFOPLIST_FILE = ChikaChatCreator/Info.plist;
				LD_RUNPATH_SEARCH_PATHS = "$(inherited) @executable_path/Frameworks";
				PRODUCT_BUNDLE_IDENTIFIER = com.nir.ChikaChatCreator;
				PRODUCT_NAME = "$(TARGET_NAME)";
				SWIFT_VERSION = 4.0;
				TARGETED_DEVICE_FAMILY = "1,2";
			};
			name = Release;
		};
		489EA4F52032751D001D6D35 /* Debug */ = {
			isa = XCBuildConfiguration;
			baseConfigurationReference = 60AAF7000E849618F6C9C4E9 /* Pods-ChikaChatCreatorTests.debug.xcconfig */;
			buildSettings = {
				ALWAYS_EMBED_SWIFT_STANDARD_LIBRARIES = YES;
				BUNDLE_LOADER = "$(TEST_HOST)";
				CODE_SIGN_STYLE = Automatic;
				DEVELOPMENT_TEAM = 4WBRGV5Z9M;
				INFOPLIST_FILE = ChikaChatCreatorTests/Info.plist;
				LD_RUNPATH_SEARCH_PATHS = "$(inherited) @executable_path/Frameworks @loader_path/Frameworks";
				PRODUCT_BUNDLE_IDENTIFIER = com.nir.ChikaChatCreatorTests;
				PRODUCT_NAME = "$(TARGET_NAME)";
				SWIFT_VERSION = 4.0;
				TARGETED_DEVICE_FAMILY = "1,2";
				TEST_HOST = "$(BUILT_PRODUCTS_DIR)/ChikaChatCreator.app/ChikaChatCreator";
			};
			name = Debug;
		};
		489EA4F62032751D001D6D35 /* Release */ = {
			isa = XCBuildConfiguration;
			baseConfigurationReference = 41B166786670CB3657660315 /* Pods-ChikaChatCreatorTests.release.xcconfig */;
			buildSettings = {
				ALWAYS_EMBED_SWIFT_STANDARD_LIBRARIES = YES;
				BUNDLE_LOADER = "$(TEST_HOST)";
				CODE_SIGN_STYLE = Automatic;
				DEVELOPMENT_TEAM = 4WBRGV5Z9M;
				INFOPLIST_FILE = ChikaChatCreatorTests/Info.plist;
				LD_RUNPATH_SEARCH_PATHS = "$(inherited) @executable_path/Frameworks @loader_path/Frameworks";
				PRODUCT_BUNDLE_IDENTIFIER = com.nir.ChikaChatCreatorTests;
				PRODUCT_NAME = "$(TARGET_NAME)";
				SWIFT_VERSION = 4.0;
				TARGETED_DEVICE_FAMILY = "1,2";
				TEST_HOST = "$(BUILT_PRODUCTS_DIR)/ChikaChatCreator.app/ChikaChatCreator";
			};
			name = Release;
		};
/* End XCBuildConfiguration section */

/* Begin XCConfigurationList section */
		489EA4CF2032751D001D6D35 /* Build configuration list for PBXProject "ChikaChatCreator" */ = {
			isa = XCConfigurationList;
			buildConfigurations = (
				489EA4EF2032751D001D6D35 /* Debug */,
				489EA4F02032751D001D6D35 /* Release */,
			);
			defaultConfigurationIsVisible = 0;
			defaultConfigurationName = Release;
		};
		489EA4F12032751D001D6D35 /* Build configuration list for PBXNativeTarget "ChikaChatCreator" */ = {
			isa = XCConfigurationList;
			buildConfigurations = (
				489EA4F22032751D001D6D35 /* Debug */,
				489EA4F32032751D001D6D35 /* Release */,
			);
			defaultConfigurationIsVisible = 0;
			defaultConfigurationName = Release;
		};
		489EA4F42032751D001D6D35 /* Build configuration list for PBXNativeTarget "ChikaChatCreatorTests" */ = {
			isa = XCConfigurationList;
			buildConfigurations = (
				489EA4F52032751D001D6D35 /* Debug */,
				489EA4F62032751D001D6D35 /* Release */,
			);
			defaultConfigurationIsVisible = 0;
			defaultConfigurationName = Release;
		};
/* End XCConfigurationList section */
	};
	rootObject = 489EA4CC2032751D001D6D35 /* Project object */;
}
